
Microsoft Visual Studio Solution File, Format Version 12.00
# Visual Studio 2012
Project("{FAE04EC0-301F-11D3-BF4B-00C04F79EFBC}") = "AutoMail", "AutoMail\AutoMail.csproj", "{AC0EFF1F-A5C5-47F7-A4F7-D64A530B0CCA}"
EndProject
Global
	GlobalSection(SolutionConfigurationPlatforms) = preSolution
		Debug|Any CPU = Debug|Any CPU
		Release|Any CPU = Release|Any CPU
	EndGlobalSection
	GlobalSection(ProjectConfigurationPlatforms) = postSolution
		{AC0EFF1F-A5C5-47F7-A4F7-D64A530B0CCA}.Debug|Any CPU.ActiveCfg = Debug|Any CPU
		{AC0EFF1F-A5C5-47F7-A4F7-D64A530B0CCA}.Debug|Any CPU.Build.0 = Debug|Any CPU
		{AC0EFF1F-A5C5-47F7-A4F7-D64A530B0CCA}.Release|Any CPU.ActiveCfg = Release|Any CPU
		{AC0EFF1F-A5C5-47F7-A4F7-D64A530B0CCA}.Release|Any CPU.Build.0 = Release|Any CPU
	EndGlobalSection
	GlobalSection(SolutionProperties) = preSolution
		HideSolutionNode = FALSE
	EndGlobalSection
EndGlobal
